
Microsoft Visual Studio Solution File, Format Version 12.00
# Visual Studio 15
VisualStudioVersion = 15.0.28307.489
MinimumVisualStudioVersion = 10.0.40219.1
Project("{FAE04EC0-301F-11D3-BF4B-00C04F79EFBC}") = "Dalibor_StackOverFlow", "Dalibor_StackOverFlow\Dalibor_StackOverFlow.csproj", "{163C4187-C586-4E9F-88DF-AB534EA53432}"
EndProject
Global
	GlobalSection(SolutionConfigurationPlatforms) = preSolution
		Debug|Any CPU = Debug|Any CPU
		Release|Any CPU = Release|Any CPU
	EndGlobalSection
	GlobalSection(ProjectConfigurationPlatforms) = postSolution
		{163C4187-C586-4E9F-88DF-AB534EA53432}.Debug|Any CPU.ActiveCfg = Debug|Any CPU
		{163C4187-C586-4E9F-88DF-AB534EA53432}.Debug|Any CPU.Build.0 = Debug|Any CPU
		{163C4187-C586-4E9F-88DF-AB534EA53432}.Release|Any CPU.ActiveCfg = Release|Any CPU
		{163C4187-C586-4E9F-88DF-AB534EA53432}.Release|Any CPU.Build.0 = Release|Any CPU
	EndGlobalSection
	GlobalSection(SolutionProperties) = preSolution
		HideSolutionNode = FALSE
	EndGlobalSection
	GlobalSection(ExtensibilityGlobals) = postSolution
		SolutionGuid = {BAC96239-28CE-4F14-9A3A-F08B32266CEE}
	EndGlobalSection
EndGlobal
