
Microsoft Visual Studio Solution File, Format Version 12.00
# Visual Studio 15
VisualStudioVersion = 15.0.28307.757
MinimumVisualStudioVersion = 10.0.40219.1
Project("{FAE04EC0-301F-11D3-BF4B-00C04F79EFBC}") = "Mosh1Asg3_Arr_List", "Mosh1Asg3_Arr_List\Mosh1Asg3_Arr_List.csproj", "{EFF327C6-C0E9-4BB1-A8C1-26C797DCE677}"
EndProject
Global
	GlobalSection(SolutionConfigurationPlatforms) = preSolution
		Debug|Any CPU = Debug|Any CPU
		Release|Any CPU = Release|Any CPU
	EndGlobalSection
	GlobalSection(ProjectConfigurationPlatforms) = postSolution
		{EFF327C6-C0E9-4BB1-A8C1-26C797DCE677}.Debug|Any CPU.ActiveCfg = Debug|Any CPU
		{EFF327C6-C0E9-4BB1-A8C1-26C797DCE677}.Debug|Any CPU.Build.0 = Debug|Any CPU
		{EFF327C6-C0E9-4BB1-A8C1-26C797DCE677}.Release|Any CPU.ActiveCfg = Release|Any CPU
		{EFF327C6-C0E9-4BB1-A8C1-26C797DCE677}.Release|Any CPU.Build.0 = Release|Any CPU
	EndGlobalSection
	GlobalSection(SolutionProperties) = preSolution
		HideSolutionNode = FALSE
	EndGlobalSection
	GlobalSection(ExtensibilityGlobals) = postSolution
		SolutionGuid = {8F1C1302-9FA5-4B19-8BDF-1A383005D007}
	EndGlobalSection
EndGlobal
