
Microsoft Visual Studio Solution File, Format Version 12.00
# Visual Studio 15
VisualStudioVersion = 15.0.28307.539
MinimumVisualStudioVersion = 10.0.40219.1
Project("{FAE04EC0-301F-11D3-BF4B-00C04F79EFBC}") = "Marco_StackOverFlow", "Marco_StackOverFlow\Marco_StackOverFlow.csproj", "{8782D1E8-0836-418D-8AB8-2668BD63860E}"
EndProject
Global
	GlobalSection(SolutionConfigurationPlatforms) = preSolution
		Debug|Any CPU = Debug|Any CPU
		Release|Any CPU = Release|Any CPU
	EndGlobalSection
	GlobalSection(ProjectConfigurationPlatforms) = postSolution
		{8782D1E8-0836-418D-8AB8-2668BD63860E}.Debug|Any CPU.ActiveCfg = Debug|Any CPU
		{8782D1E8-0836-418D-8AB8-2668BD63860E}.Debug|Any CPU.Build.0 = Debug|Any CPU
		{8782D1E8-0836-418D-8AB8-2668BD63860E}.Release|Any CPU.ActiveCfg = Release|Any CPU
		{8782D1E8-0836-418D-8AB8-2668BD63860E}.Release|Any CPU.Build.0 = Release|Any CPU
	EndGlobalSection
	GlobalSection(SolutionProperties) = preSolution
		HideSolutionNode = FALSE
	EndGlobalSection
	GlobalSection(ExtensibilityGlobals) = postSolution
		SolutionGuid = {C7E7B7E1-E754-495E-9E0C-DB0F0FE33C18}
	EndGlobalSection
EndGlobal
