
Microsoft Visual Studio Solution File, Format Version 12.00
# Visual Studio 15
VisualStudioVersion = 15.0.28307.329
MinimumVisualStudioVersion = 10.0.40219.1
Project("{FAE04EC0-301F-11D3-BF4B-00C04F79EFBC}") = "Iker_Stopwatch", "Iker_Stopwatch\Iker_Stopwatch.csproj", "{4FC3B644-E472-4B7C-8562-F487B94FA349}"
EndProject
Global
	GlobalSection(SolutionConfigurationPlatforms) = preSolution
		Debug|Any CPU = Debug|Any CPU
		Release|Any CPU = Release|Any CPU
	EndGlobalSection
	GlobalSection(ProjectConfigurationPlatforms) = postSolution
		{4FC3B644-E472-4B7C-8562-F487B94FA349}.Debug|Any CPU.ActiveCfg = Debug|Any CPU
		{4FC3B644-E472-4B7C-8562-F487B94FA349}.Debug|Any CPU.Build.0 = Debug|Any CPU
		{4FC3B644-E472-4B7C-8562-F487B94FA349}.Release|Any CPU.ActiveCfg = Release|Any CPU
		{4FC3B644-E472-4B7C-8562-F487B94FA349}.Release|Any CPU.Build.0 = Release|Any CPU
	EndGlobalSection
	GlobalSection(SolutionProperties) = preSolution
		HideSolutionNode = FALSE
	EndGlobalSection
	GlobalSection(ExtensibilityGlobals) = postSolution
		SolutionGuid = {52C94809-BDDF-4FA1-AAFB-B7FA706F1529}
	EndGlobalSection
EndGlobal
