
Microsoft Visual Studio Solution File, Format Version 12.00
# Visual Studio 15
VisualStudioVersion = 15.0.28307.757
MinimumVisualStudioVersion = 10.0.40219.1
Project("{FAE04EC0-301F-11D3-BF4B-00C04F79EFBC}") = "Mosh2Asg1_Class_Propertes_exer_StopWatch_Blog", "Mosh2Asg1_Class_Propertes_exer_StopWatch_Blog\Mosh2Asg1_Class_Propertes_exer_StopWatch_Blog.csproj", "{B5BCEBC4-CE2E-4A90-A500-915DC6D16C1A}"
EndProject
Global
	GlobalSection(SolutionConfigurationPlatforms) = preSolution
		Debug|Any CPU = Debug|Any CPU
		Release|Any CPU = Release|Any CPU
	EndGlobalSection
	GlobalSection(ProjectConfigurationPlatforms) = postSolution
		{B5BCEBC4-CE2E-4A90-A500-915DC6D16C1A}.Debug|Any CPU.ActiveCfg = Debug|Any CPU
		{B5BCEBC4-CE2E-4A90-A500-915DC6D16C1A}.Debug|Any CPU.Build.0 = Debug|Any CPU
		{B5BCEBC4-CE2E-4A90-A500-915DC6D16C1A}.Release|Any CPU.ActiveCfg = Release|Any CPU
		{B5BCEBC4-CE2E-4A90-A500-915DC6D16C1A}.Release|Any CPU.Build.0 = Release|Any CPU
	EndGlobalSection
	GlobalSection(SolutionProperties) = preSolution
		HideSolutionNode = FALSE
	EndGlobalSection
	GlobalSection(ExtensibilityGlobals) = postSolution
		SolutionGuid = {FD37C748-8968-494E-AC4D-C4F766A2A8AA}
	EndGlobalSection
EndGlobal
