
Microsoft Visual Studio Solution File, Format Version 12.00
# Visual Studio 15
VisualStudioVersion = 15.0.28307.572
MinimumVisualStudioVersion = 10.0.40219.1
Project("{FAE04EC0-301F-11D3-BF4B-00C04F79EFBC}") = "Marco_Stopwatch", "Marco_Stopwatch\Marco_Stopwatch.csproj", "{D74B90E4-62C4-413F-B313-64C2B0F15CAE}"
EndProject
Global
	GlobalSection(SolutionConfigurationPlatforms) = preSolution
		Debug|Any CPU = Debug|Any CPU
		Release|Any CPU = Release|Any CPU
	EndGlobalSection
	GlobalSection(ProjectConfigurationPlatforms) = postSolution
		{D74B90E4-62C4-413F-B313-64C2B0F15CAE}.Debug|Any CPU.ActiveCfg = Debug|Any CPU
		{D74B90E4-62C4-413F-B313-64C2B0F15CAE}.Debug|Any CPU.Build.0 = Debug|Any CPU
		{D74B90E4-62C4-413F-B313-64C2B0F15CAE}.Release|Any CPU.ActiveCfg = Release|Any CPU
		{D74B90E4-62C4-413F-B313-64C2B0F15CAE}.Release|Any CPU.Build.0 = Release|Any CPU
	EndGlobalSection
	GlobalSection(SolutionProperties) = preSolution
		HideSolutionNode = FALSE
	EndGlobalSection
	GlobalSection(ExtensibilityGlobals) = postSolution
		SolutionGuid = {E41895B0-B1B5-4619-99E1-0C8A6FF6644B}
	EndGlobalSection
EndGlobal
