
Microsoft Visual Studio Solution File, Format Version 12.00
# Visual Studio 15
VisualStudioVersion = 15.0.28307.106
MinimumVisualStudioVersion = 10.0.40219.1
Project("{FAE04EC0-301F-11D3-BF4B-00C04F79EFBC}") = "WorkflowEngine_Revised", "WorkflowEngine_Revised\WorkflowEngine_Revised.csproj", "{654661A7-BA57-4066-AAE1-A3B2059D6B98}"
EndProject
Global
	GlobalSection(SolutionConfigurationPlatforms) = preSolution
		Debug|Any CPU = Debug|Any CPU
		Release|Any CPU = Release|Any CPU
	EndGlobalSection
	GlobalSection(ProjectConfigurationPlatforms) = postSolution
		{654661A7-BA57-4066-AAE1-A3B2059D6B98}.Debug|Any CPU.ActiveCfg = Debug|Any CPU
		{654661A7-BA57-4066-AAE1-A3B2059D6B98}.Debug|Any CPU.Build.0 = Debug|Any CPU
		{654661A7-BA57-4066-AAE1-A3B2059D6B98}.Release|Any CPU.ActiveCfg = Release|Any CPU
		{654661A7-BA57-4066-AAE1-A3B2059D6B98}.Release|Any CPU.Build.0 = Release|Any CPU
	EndGlobalSection
	GlobalSection(SolutionProperties) = preSolution
		HideSolutionNode = FALSE
	EndGlobalSection
	GlobalSection(ExtensibilityGlobals) = postSolution
		SolutionGuid = {993CF308-CC75-4D1C-8FCA-53DB21848D5E}
	EndGlobalSection
EndGlobal
