
Microsoft Visual Studio Solution File, Format Version 12.00
# Visual Studio 15
VisualStudioVersion = 15.0.28307.168
MinimumVisualStudioVersion = 10.0.40219.1
Project("{FAE04EC0-301F-11D3-BF4B-00C04F79EFBC}") = "Þrotur_Stopwatch", "Þrotur_Stopwatch\Þrotur_Stopwatch.csproj", "{ED31C9F6-8CCF-4397-A23D-4D1C7344EC23}"
EndProject
Global
	GlobalSection(SolutionConfigurationPlatforms) = preSolution
		Debug|Any CPU = Debug|Any CPU
		Release|Any CPU = Release|Any CPU
	EndGlobalSection
	GlobalSection(ProjectConfigurationPlatforms) = postSolution
		{ED31C9F6-8CCF-4397-A23D-4D1C7344EC23}.Debug|Any CPU.ActiveCfg = Debug|Any CPU
		{ED31C9F6-8CCF-4397-A23D-4D1C7344EC23}.Debug|Any CPU.Build.0 = Debug|Any CPU
		{ED31C9F6-8CCF-4397-A23D-4D1C7344EC23}.Release|Any CPU.ActiveCfg = Release|Any CPU
		{ED31C9F6-8CCF-4397-A23D-4D1C7344EC23}.Release|Any CPU.Build.0 = Release|Any CPU
	EndGlobalSection
	GlobalSection(SolutionProperties) = preSolution
		HideSolutionNode = FALSE
	EndGlobalSection
	GlobalSection(ExtensibilityGlobals) = postSolution
		SolutionGuid = {5A535EBA-EC76-41FB-8D14-1A3FBE7A7C12}
	EndGlobalSection
EndGlobal
