
Microsoft Visual Studio Solution File, Format Version 12.00
# Visual Studio 15
VisualStudioVersion = 15.0.28307.645
MinimumVisualStudioVersion = 10.0.40219.1
Project("{FAE04EC0-301F-11D3-BF4B-00C04F79EFBC}") = "Edward_Workflow", "Edward_Workflow\Edward_Workflow.csproj", "{08E24E7A-E1BB-49C1-9819-20DB404D5D34}"
EndProject
Global
	GlobalSection(SolutionConfigurationPlatforms) = preSolution
		Debug|Any CPU = Debug|Any CPU
		Release|Any CPU = Release|Any CPU
	EndGlobalSection
	GlobalSection(ProjectConfigurationPlatforms) = postSolution
		{08E24E7A-E1BB-49C1-9819-20DB404D5D34}.Debug|Any CPU.ActiveCfg = Debug|Any CPU
		{08E24E7A-E1BB-49C1-9819-20DB404D5D34}.Debug|Any CPU.Build.0 = Debug|Any CPU
		{08E24E7A-E1BB-49C1-9819-20DB404D5D34}.Release|Any CPU.ActiveCfg = Release|Any CPU
		{08E24E7A-E1BB-49C1-9819-20DB404D5D34}.Release|Any CPU.Build.0 = Release|Any CPU
	EndGlobalSection
	GlobalSection(SolutionProperties) = preSolution
		HideSolutionNode = FALSE
	EndGlobalSection
	GlobalSection(ExtensibilityGlobals) = postSolution
		SolutionGuid = {D64C58EF-A2FB-437E-B8DC-2C246FF61079}
	EndGlobalSection
EndGlobal
